
Microsoft Visual Studio Solution File, Format Version 12.00
# Visual Studio Version 17
VisualStudioVersion = 17.9.34902.65
MinimumVisualStudioVersion = 10.0.40219.1
Project("{2150E333-8FDC-42A3-9474-1A3956D46DE8}") = "src", "src", "{E1C8F900-780D-4F80-9E44-1474344166B7}"
EndProject
Project("{2150E333-8FDC-42A3-9474-1A3956D46DE8}") = "Core", "Core", "{25DC8D1B-6B2C-441A-BC18-C58A3E5E3015}"
EndProject
Project("{2150E333-8FDC-42A3-9474-1A3956D46DE8}") = "Infrastructure", "Infrastructure", "{78B0AFD5-D370-43FC-8022-2FEE2680DEB3}"
EndProject
Project("{2150E333-8FDC-42A3-9474-1A3956D46DE8}") = "Presentation", "Presentation", "{256D37C5-723E-4E2D-B6D8-C66CE43B1BD0}"
EndProject
Project("{9A19103F-16F7-4668-BE54-9A1E7A4F7556}") = "Application", "Application\Application.csproj", "{8938CCCB-C98D-45DB-B4F9-6397BBFDC61C}"
EndProject
Project("{9A19103F-16F7-4668-BE54-9A1E7A4F7556}") = "Domain", "Domain\Domain.csproj", "{F543AC73-305D-40CA-BDDB-D999D61CFF70}"
EndProject
Project("{9A19103F-16F7-4668-BE54-9A1E7A4F7556}") = "Shared", "Shared\Shared.csproj", "{28C3D8FD-B634-4B40-8A00-C14FF2B52450}"
EndProject
Project("{9A19103F-16F7-4668-BE54-9A1E7A4F7556}") = "Infrastructure", "Infrastructure\Infrastructure.csproj", "{1C13474F-5DAE-4847-9B43-E8B9B418AE3A}"
EndProject
Project("{9A19103F-16F7-4668-BE54-9A1E7A4F7556}") = "CMS", "CMS\CMS.csproj", "{E3190092-8294-40D2-879C-DC10DC3083B6}"
EndProject
Project("{9A19103F-16F7-4668-BE54-9A1E7A4F7556}") = "Infrastructure.DependencyInjection", "Infrastructure.DependencyInjection\Infrastructure.DependencyInjection.csproj", "{5126F47A-6A20-4619-98DE-30C6AFC1D1ED}"
EndProject
Project("{2150E333-8FDC-42A3-9474-1A3956D46DE8}") = "Tool", "Tool", "{A73E9585-0F13-471F-AC18-46276B53D629}"
	ProjectSection(SolutionItems) = preProject
		GenerateTableByModel\UpdateDatabase.ps1 = GenerateTableByModel\UpdateDatabase.ps1
	EndProjectSection
EndProject
Project("{9A19103F-16F7-4668-BE54-9A1E7A4F7556}") = "Console.GenarateCode", "Console.GenarateCode\Console.GenarateCode.csproj", "{0658BB20-3A2C-435C-8F56-49D5A400C790}"
EndProject
Project("{FAE04EC0-301F-11D3-BF4B-00C04F79EFBC}") = "API", "API\API.csproj", "{AB9B7CB5-A6AA-4913-8238-3AEEEC31993E}"
EndProject
Global
	GlobalSection(SolutionConfigurationPlatforms) = preSolution
		Debug|Any CPU = Debug|Any CPU
		Release|Any CPU = Release|Any CPU
	EndGlobalSection
	GlobalSection(ProjectConfigurationPlatforms) = postSolution
		{8938CCCB-C98D-45DB-B4F9-6397BBFDC61C}.Debug|Any CPU.ActiveCfg = Debug|Any CPU
		{8938CCCB-C98D-45DB-B4F9-6397BBFDC61C}.Debug|Any CPU.Build.0 = Debug|Any CPU
		{8938CCCB-C98D-45DB-B4F9-6397BBFDC61C}.Release|Any CPU.ActiveCfg = Release|Any CPU
		{8938CCCB-C98D-45DB-B4F9-6397BBFDC61C}.Release|Any CPU.Build.0 = Release|Any CPU
		{F543AC73-305D-40CA-BDDB-D999D61CFF70}.Debug|Any CPU.ActiveCfg = Debug|Any CPU
		{F543AC73-305D-40CA-BDDB-D999D61CFF70}.Debug|Any CPU.Build.0 = Debug|Any CPU
		{F543AC73-305D-40CA-BDDB-D999D61CFF70}.Release|Any CPU.ActiveCfg = Release|Any CPU
		{F543AC73-305D-40CA-BDDB-D999D61CFF70}.Release|Any CPU.Build.0 = Release|Any CPU
		{28C3D8FD-B634-4B40-8A00-C14FF2B52450}.Debug|Any CPU.ActiveCfg = Debug|Any CPU
		{28C3D8FD-B634-4B40-8A00-C14FF2B52450}.Debug|Any CPU.Build.0 = Debug|Any CPU
		{28C3D8FD-B634-4B40-8A00-C14FF2B52450}.Release|Any CPU.ActiveCfg = Release|Any CPU
		{28C3D8FD-B634-4B40-8A00-C14FF2B52450}.Release|Any CPU.Build.0 = Release|Any CPU
		{1C13474F-5DAE-4847-9B43-E8B9B418AE3A}.Debug|Any CPU.ActiveCfg = Debug|Any CPU
		{1C13474F-5DAE-4847-9B43-E8B9B418AE3A}.Debug|Any CPU.Build.0 = Debug|Any CPU
		{1C13474F-5DAE-4847-9B43-E8B9B418AE3A}.Release|Any CPU.ActiveCfg = Release|Any CPU
		{1C13474F-5DAE-4847-9B43-E8B9B418AE3A}.Release|Any CPU.Build.0 = Release|Any CPU
		{E3190092-8294-40D2-879C-DC10DC3083B6}.Debug|Any CPU.ActiveCfg = Debug|Any CPU
		{E3190092-8294-40D2-879C-DC10DC3083B6}.Debug|Any CPU.Build.0 = Debug|Any CPU
		{E3190092-8294-40D2-879C-DC10DC3083B6}.Release|Any CPU.ActiveCfg = Release|Any CPU
		{E3190092-8294-40D2-879C-DC10DC3083B6}.Release|Any CPU.Build.0 = Release|Any CPU
		{5126F47A-6A20-4619-98DE-30C6AFC1D1ED}.Debug|Any CPU.ActiveCfg = Debug|Any CPU
		{5126F47A-6A20-4619-98DE-30C6AFC1D1ED}.Debug|Any CPU.Build.0 = Debug|Any CPU
		{5126F47A-6A20-4619-98DE-30C6AFC1D1ED}.Release|Any CPU.ActiveCfg = Release|Any CPU
		{5126F47A-6A20-4619-98DE-30C6AFC1D1ED}.Release|Any CPU.Build.0 = Release|Any CPU
		{0658BB20-3A2C-435C-8F56-49D5A400C790}.Debug|Any CPU.ActiveCfg = Debug|Any CPU
		{0658BB20-3A2C-435C-8F56-49D5A400C790}.Debug|Any CPU.Build.0 = Debug|Any CPU
		{0658BB20-3A2C-435C-8F56-49D5A400C790}.Release|Any CPU.ActiveCfg = Release|Any CPU
		{0658BB20-3A2C-435C-8F56-49D5A400C790}.Release|Any CPU.Build.0 = Release|Any CPU
		{AB9B7CB5-A6AA-4913-8238-3AEEEC31993E}.Debug|Any CPU.ActiveCfg = Debug|Any CPU
		{AB9B7CB5-A6AA-4913-8238-3AEEEC31993E}.Debug|Any CPU.Build.0 = Debug|Any CPU
		{AB9B7CB5-A6AA-4913-8238-3AEEEC31993E}.Release|Any CPU.ActiveCfg = Release|Any CPU
		{AB9B7CB5-A6AA-4913-8238-3AEEEC31993E}.Release|Any CPU.Build.0 = Release|Any CPU
	EndGlobalSection
	GlobalSection(SolutionProperties) = preSolution
		HideSolutionNode = FALSE
	EndGlobalSection
	GlobalSection(NestedProjects) = preSolution
		{25DC8D1B-6B2C-441A-BC18-C58A3E5E3015} = {E1C8F900-780D-4F80-9E44-1474344166B7}
		{78B0AFD5-D370-43FC-8022-2FEE2680DEB3} = {E1C8F900-780D-4F80-9E44-1474344166B7}
		{256D37C5-723E-4E2D-B6D8-C66CE43B1BD0} = {E1C8F900-780D-4F80-9E44-1474344166B7}
		{8938CCCB-C98D-45DB-B4F9-6397BBFDC61C} = {25DC8D1B-6B2C-441A-BC18-C58A3E5E3015}
		{F543AC73-305D-40CA-BDDB-D999D61CFF70} = {25DC8D1B-6B2C-441A-BC18-C58A3E5E3015}
		{28C3D8FD-B634-4B40-8A00-C14FF2B52450} = {25DC8D1B-6B2C-441A-BC18-C58A3E5E3015}
		{1C13474F-5DAE-4847-9B43-E8B9B418AE3A} = {78B0AFD5-D370-43FC-8022-2FEE2680DEB3}
		{E3190092-8294-40D2-879C-DC10DC3083B6} = {256D37C5-723E-4E2D-B6D8-C66CE43B1BD0}
		{5126F47A-6A20-4619-98DE-30C6AFC1D1ED} = {78B0AFD5-D370-43FC-8022-2FEE2680DEB3}
		{A73E9585-0F13-471F-AC18-46276B53D629} = {E1C8F900-780D-4F80-9E44-1474344166B7}
		{0658BB20-3A2C-435C-8F56-49D5A400C790} = {A73E9585-0F13-471F-AC18-46276B53D629}
		{AB9B7CB5-A6AA-4913-8238-3AEEEC31993E} = {256D37C5-723E-4E2D-B6D8-C66CE43B1BD0}
	EndGlobalSection
	GlobalSection(ExtensibilityGlobals) = postSolution
		SolutionGuid = {F594098C-7F67-46C2-A8E5-5A7C1244E148}
	EndGlobalSection
EndGlobal
